
Microsoft Visual Studio Solution File, Format Version 12.00
# Visual Studio Version 16
VisualStudioVersion = 16.0.30204.135
MinimumVisualStudioVersion = 10.0.40219.1
Project("{9A19103F-16F7-4668-BE54-9A1E7A4F7556}") = "AspNetCore.Identity.Mongo", "AspNetCore.Identity.Mongo\AspNetCore.Identity.Mongo.csproj", "{CE9A3D34-B576-4176-9E74-7EC675AB6D04}"
EndProject
Project("{9A19103F-16F7-4668-BE54-9A1E7A4F7556}") = "AspNetCore.Identity.Mongo.Tests", "AspNetCore.Identity.Mongo.Tests\AspNetCore.Identity.Mongo.Tests.csproj", "{85778BF6-B8EB-4FB8-B708-CFF6D94B8549}"
EndProject
Project("{FAE04EC0-301F-11D3-BF4B-00C04F79EFBC}") = "AspNetCore.Identity.Mongo.Jwt", "AspNetCore.Identity.Mongo.Jwt\AspNetCore.Identity.Mongo.Jwt.csproj", "{D1024D57-1406-4F02-A93A-6DFED9ECB79F}"
EndProject
Global
	GlobalSection(SolutionConfigurationPlatforms) = preSolution
		Debug|Any CPU = Debug|Any CPU
		Release|Any CPU = Release|Any CPU
	EndGlobalSection
	GlobalSection(ProjectConfigurationPlatforms) = postSolution
		{CE9A3D34-B576-4176-9E74-7EC675AB6D04}.Debug|Any CPU.ActiveCfg = Debug|Any CPU
		{CE9A3D34-B576-4176-9E74-7EC675AB6D04}.Debug|Any CPU.Build.0 = Debug|Any CPU
		{CE9A3D34-B576-4176-9E74-7EC675AB6D04}.Release|Any CPU.ActiveCfg = Release|Any CPU
		{CE9A3D34-B576-4176-9E74-7EC675AB6D04}.Release|Any CPU.Build.0 = Release|Any CPU
		{85778BF6-B8EB-4FB8-B708-CFF6D94B8549}.Debug|Any CPU.ActiveCfg = Debug|Any CPU
		{85778BF6-B8EB-4FB8-B708-CFF6D94B8549}.Debug|Any CPU.Build.0 = Debug|Any CPU
		{85778BF6-B8EB-4FB8-B708-CFF6D94B8549}.Release|Any CPU.ActiveCfg = Release|Any CPU
		{85778BF6-B8EB-4FB8-B708-CFF6D94B8549}.Release|Any CPU.Build.0 = Release|Any CPU
		{D1024D57-1406-4F02-A93A-6DFED9ECB79F}.Debug|Any CPU.ActiveCfg = Debug|Any CPU
		{D1024D57-1406-4F02-A93A-6DFED9ECB79F}.Debug|Any CPU.Build.0 = Debug|Any CPU
		{D1024D57-1406-4F02-A93A-6DFED9ECB79F}.Release|Any CPU.ActiveCfg = Release|Any CPU
		{D1024D57-1406-4F02-A93A-6DFED9ECB79F}.Release|Any CPU.Build.0 = Release|Any CPU
	EndGlobalSection
	GlobalSection(SolutionProperties) = preSolution
		HideSolutionNode = FALSE
	EndGlobalSection
	GlobalSection(ExtensibilityGlobals) = postSolution
		SolutionGuid = {B710AA1A-5A2C-41C1-8876-298C2DF849D9}
	EndGlobalSection
EndGlobal
